
Microsoft Visual Studio Solution File, Format Version 12.00
# Visual Studio 2012
Project("{FAE04EC0-301F-11D3-BF4B-00C04F79EFBC}") = "QWalk", "QWalk.csproj", "{A715E325-A521-4C3D-B132-BBBA5A54E5D1}"
EndProject
Project("{FAE04EC0-301F-11D3-BF4B-00C04F79EFBC}") = "QWalkMVC", "QWalkMVC\QWalkMVC.csproj", "{CE8E7235-E39B-400C-B54B-A4E1A796168D}"
EndProject
Global
	GlobalSection(SolutionConfigurationPlatforms) = preSolution
		Debug|Any CPU = Debug|Any CPU
		Release|Any CPU = Release|Any CPU
	EndGlobalSection
	GlobalSection(ProjectConfigurationPlatforms) = postSolution
		{A715E325-A521-4C3D-B132-BBBA5A54E5D1}.Debug|Any CPU.ActiveCfg = Debug|Any CPU
		{A715E325-A521-4C3D-B132-BBBA5A54E5D1}.Debug|Any CPU.Build.0 = Debug|Any CPU
		{A715E325-A521-4C3D-B132-BBBA5A54E5D1}.Release|Any CPU.ActiveCfg = Release|Any CPU
		{A715E325-A521-4C3D-B132-BBBA5A54E5D1}.Release|Any CPU.Build.0 = Release|Any CPU
		{CE8E7235-E39B-400C-B54B-A4E1A796168D}.Debug|Any CPU.ActiveCfg = Debug|Any CPU
		{CE8E7235-E39B-400C-B54B-A4E1A796168D}.Debug|Any CPU.Build.0 = Debug|Any CPU
		{CE8E7235-E39B-400C-B54B-A4E1A796168D}.Release|Any CPU.ActiveCfg = Release|Any CPU
		{CE8E7235-E39B-400C-B54B-A4E1A796168D}.Release|Any CPU.Build.0 = Release|Any CPU
	EndGlobalSection
	GlobalSection(SolutionProperties) = preSolution
		HideSolutionNode = FALSE
	EndGlobalSection
EndGlobal
